
Microsoft Visual Studio Solution File, Format Version 12.00
# Visual Studio Version 16
VisualStudioVersion = 16.0.31112.23
MinimumVisualStudioVersion = 10.0.40219.1
Project("{FAE04EC0-301F-11D3-BF4B-00C04F79EFBC}") = "MiCalculadora", "MiCalculadora.csproj", "{B33065D6-C5B1-40FA-A770-B9EF8990C009}"
EndProject
Project("{FAE04EC0-301F-11D3-BF4B-00C04F79EFBC}") = "Entidades", "Entidades\Entidades.csproj", "{EC9FE944-4DC1-42FE-B1DE-59EDACC4FD0A}"
EndProject
Global
	GlobalSection(SolutionConfigurationPlatforms) = preSolution
		Debug|Any CPU = Debug|Any CPU
		Release|Any CPU = Release|Any CPU
	EndGlobalSection
	GlobalSection(ProjectConfigurationPlatforms) = postSolution
		{B33065D6-C5B1-40FA-A770-B9EF8990C009}.Debug|Any CPU.ActiveCfg = Debug|Any CPU
		{B33065D6-C5B1-40FA-A770-B9EF8990C009}.Debug|Any CPU.Build.0 = Debug|Any CPU
		{B33065D6-C5B1-40FA-A770-B9EF8990C009}.Release|Any CPU.ActiveCfg = Release|Any CPU
		{B33065D6-C5B1-40FA-A770-B9EF8990C009}.Release|Any CPU.Build.0 = Release|Any CPU
		{EC9FE944-4DC1-42FE-B1DE-59EDACC4FD0A}.Debug|Any CPU.ActiveCfg = Debug|Any CPU
		{EC9FE944-4DC1-42FE-B1DE-59EDACC4FD0A}.Debug|Any CPU.Build.0 = Debug|Any CPU
		{EC9FE944-4DC1-42FE-B1DE-59EDACC4FD0A}.Release|Any CPU.ActiveCfg = Release|Any CPU
		{EC9FE944-4DC1-42FE-B1DE-59EDACC4FD0A}.Release|Any CPU.Build.0 = Release|Any CPU
	EndGlobalSection
	GlobalSection(SolutionProperties) = preSolution
		HideSolutionNode = FALSE
	EndGlobalSection
	GlobalSection(ExtensibilityGlobals) = postSolution
		SolutionGuid = {12B4F42D-1C29-4690-9534-A0BB618E5D50}
	EndGlobalSection
EndGlobal
